Terraform used the selected providers to generate the following execution plan. Resource actions are indicated
with the following symbols:
  + create

Terraform will perform the following actions:

  # docker_container.nginx_container will be created
  + resource "docker_container" "nginx_container" {
      + attach                                      = false
      + bridge                                      = (known after apply)
      + command                                     = (known after apply)
      + container_logs                              = (known after apply)
      + container_read_refresh_timeout_milliseconds = 15000
      + entrypoint                                  = (known after apply)
      + env                                         = (known after apply)
      + exit_code                                   = (known after apply)
      + hostname                                    = (known after apply)
      + id                                          = (known after apply)
      + image                                       = "nginx:latest"
      + init                                        = (known after apply)
      + ipc_mode                                    = (known after apply)
      + log_driver                                  = (known after apply)
      + logs                                        = false
      + must_run                                    = true
      + name                                        = "nginx-container"
      + network_data                                = (known after apply)
      + read_only                                   = false
      + remove_volumes                              = true
      + restart                                     = "no"
      + rm                                          = false
      + runtime                                     = (known after apply)
      + security_opts                               = (known after apply)
      + shm_size                                    = (known after apply)
      + start                                       = true
      + stdin_open                                  = false
      + stop_signal                                 = (known after apply)
      + stop_timeout                                = (known after apply)
      + tty                                         = false
      + wait                                        = false
      + wait_timeout                                = 60

      + healthcheck (known after apply)

      + labels (known after apply)

      + ports {
          + external = 8080
          + internal = 80
          + ip       = "0.0.0.0"
          + protocol = "tcp"
        }
    }

  # docker_image.nginx_image will be created
  + resource "docker_image" "nginx_image" {
      + id           = (known after apply)
      + image_id     = (known after apply)
      + keep_locally = false
      + name         = "nginx:latest"
      + repo_digest  = (known after apply)
    }

Plan: 2 to add, 0 to change, 0 to destroy.
docker_image.nginx_image: Creating...
docker_image.nginx_image: Creation complete after 8s [id=sha256:2cd1d97f893f70cee86a38b7160c30e5750f3ed6ad86c598884ca9c6a563a501nginx:latest]
docker_container.nginx_container: Creating...
docker_container.nginx_container: Creation complete after 1s [id=ea7f1dec097c69ef339022bf2c1d328848ea73ee726820c9d5a3bcff983c3f31]

Apply complete! Resources: 2 added, 0 changed, 0 destroyed.
